# THIS IS AN AUTOGENERATED FILE. DO NOT EDIT THIS FILE DIRECTLY.
# yarn lockfile v1


"@babel/runtime@^7.0.0", "@babel/runtime@^7.4.3", "@babel/runtime@^7.4.5", "@babel/runtime@^7.5.5", "@babel/runtime@^7.8.7", "@babel/runtime@^7.9.1":
  version "7.11.0"
  resolved "https://registry.yarnpkg.com/@babel/runtime/-/runtime-7.11.0.tgz#f10245877042a815e07f7e693faff0ae9d3a2aac"
  integrity sha512-qArkXsjJq7H+T86WrIFV0Fnu/tNOkZ4cgXmjkzAu3b/58D5mFIO8JH/y77t7C9q0OdDRdh9s7Ue5GasYssxtXw==
  dependencies:
    regenerator-runtime "^0.13.4"

"@carbon/colors@10.11.0", "@carbon/colors@^10.11.0":
  version "10.11.0"
  resolved "https://registry.yarnpkg.com/@carbon/colors/-/colors-10.11.0.tgz#060dce87ddfaabe313ad85d677962e92cf6184a1"
  integrity sha512-x9kT5sN3f8sz/gELpVmDbTeNJ20LP70MI+kLsd19RQICrZipoLJG0Ajn1J9t5NCdz3XGBYb3oiUoAtMiwt/4jA==

"@carbon/grid@10.12.0":
  version "10.12.0"
  resolved "https://registry.yarnpkg.com/@carbon/grid/-/grid-10.12.0.tgz#412037a8a4fa29b58347747fe78f95bc74229290"
  integrity sha512-HxrQN95mB4oCDhLaJy2tiu0N8/+70Ym4NSaKZH1ASH/DGs0N81/w4LrVxELkdN+digYQFbXtorUQU4R4KA1CmQ==
  dependencies:
    "@carbon/import-once" "^10.3.0"
    "@carbon/layout" "^10.11.0"

"@carbon/ibm-security@^1.28.0":
  version "1.28.0"
  resolved "https://registry.yarnpkg.com/@carbon/ibm-security/-/ibm-security-1.28.0.tgz#eb4f6993d4fa7494a441bb850bbe5f0dc0b52a9b"
  integrity sha512-fDBE5jtQw1WmJC+PiI+Wlj++ay+GhMcVMknj+El0UtWDNpOsvEjGoXyL+ZTuCaCHzVhiFPYu28DXnqRsGvB0Pw==
  dependencies:
    "@babel/runtime" "^7.4.3"
    "@carbon/colors" "10.11.0"
    "@carbon/grid" "10.12.0"
    "@carbon/icons-react" "10.13.0"
    "@carbon/import-once" "10.3.0"
    "@carbon/layout" "10.11.0"
    "@carbon/motion" "10.9.0"
    "@carbon/themes" "10.14.0"
    "@carbon/type" "10.12.0"
    carbon-components "10.15.0"
    carbon-components-react "7.15.0"
    carbon-icons "7.0.7"
    classnames "^2.2.5"
    downshift "^1.31.14"
    export-to-csv "^0.2.1"
    flatpickr "^4.6.1"
    focus-trap-react "^6.0.0"
    invariant "^2.2.3"
    numeral "^2.0.6"
    prop-types "^15.7.2"
    ramda "^0.26.1"
    react-is "^16.13.0"
    react-transition-group "^4.3.0"
    recompose "0.30.0"
    reduced-utils "0.1.2"
    throttle-debounce "^2.0.1"

"@carbon/icon-helpers@^10.9.0":
  version "10.9.0"
  resolved "https://registry.yarnpkg.com/@carbon/icon-helpers/-/icon-helpers-10.9.0.tgz#5aee08e9d253d3bf6f996bc61f739660c62cbb21"
  integrity sha512-JtmCXV7iIc+N5RqQQy+MGT8T+5KcF7+BUKADvHnJKZ8o+ncF5gI4hmrP450dQD76mikI4fqQ0dQflaosesdSPw==

"@carbon/icons-react@10.13.0":
  version "10.13.0"
  resolved "https://registry.yarnpkg.com/@carbon/icons-react/-/icons-react-10.13.0.tgz#1273de299ff2ecaf6e66cc0013d6a34fa7413093"
  integrity sha512-UAFVgIPVnyFtXz1FGggUDbCUuNfFS9uopSXAKB5veoUNLMEyty1U5nZeFkyhecb+LCzE8UOUK8FR+hCTd2/4Dg==
  dependencies:
    "@carbon/icon-helpers" "^10.9.0"

"@carbon/icons-react@^10.13.0", "@carbon/icons-react@^10.14.0", "@carbon/icons-react@^10.3.0":
  version "10.14.0"
  resolved "https://registry.yarnpkg.com/@carbon/icons-react/-/icons-react-10.14.0.tgz#bc1daea4e3b6cf4ace9b42fa4efffbfaed36c62b"
  integrity sha512-cuJzwtFmLGWcoyUF6rrSfRg48iGi0buTxgL35Uzmcz6/o/4CgbReMNEWAfZ59RKTR8eJKY5EAFpI2F6xFgyXUA==
  dependencies:
    "@carbon/icon-helpers" "^10.9.0"

"@carbon/import-once@10.3.0", "@carbon/import-once@^10.3.0":
  version "10.3.0"
  resolved "https://registry.yarnpkg.com/@carbon/import-once/-/import-once-10.3.0.tgz#58617da4efb6d7a11352d8e6b7209da1d39f364d"
  integrity sha512-PFk3FhMe3psihYtCg3JsyPHismqglnbUqIpz1DCG5Gn/kt0HdVKhGvHdEq7E305rGoBUCKzMn/4xoY9v9mcmlg==

"@carbon/layout@10.11.0":
  version "10.11.0"
  resolved "https://registry.yarnpkg.com/@carbon/layout/-/layout-10.11.0.tgz#db029582688484d3b12dfbc53b7ba7f612df90f1"
  integrity sha512-lt3qV4vROar4cwjxPXdYKcnIhCNxiIJVOnaMlGr1YADCXjzQ5f9uQWysDvfwOBPvN3cqeCe18QpIKDe9PaEqiQ==

"@carbon/layout@^10.11.0", "@carbon/layout@^10.12.0":
  version "10.12.0"
  resolved "https://registry.yarnpkg.com/@carbon/layout/-/layout-10.12.0.tgz#8f80c8d169a1c62669cb65470619b6c259e187a5"
  integrity sha512-qS6WHPqEyVl1AzAnG5awoxfYw8RbX4Pf5Y/Z46s5wTTxm/zzF7Ju/Ej3H2Xkjny1NL7PsF3xyh2CtiojLBrurg==

"@carbon/motion@10.9.0":
  version "10.9.0"
  resolved "https://registry.yarnpkg.com/@carbon/motion/-/motion-10.9.0.tgz#39cdfe2f9fc7ecc85479413a5b4eadb36e0e366d"
  integrity sha512-U3DsATkfzcqKOiXSa1DqWOo9HNeOkO4opGZkl0mQ40zhKyxwY0SJz1th1W/QdjXlAPlMeTRi2p45e86yEgrqyw==

"@carbon/themes@10.14.0":
  version "10.14.0"
  resolved "https://registry.yarnpkg.com/@carbon/themes/-/themes-10.14.0.tgz#24eb4fb47b1e4d4c933106e98c5923685ac0adf8"
  integrity sha512-bDcupoeR71itBEWSblEINpG4I0w7yWB+6c6JbgnorK1cqbWHCWJwj8fND2h9QlnRIV2vt4pV5/j76Uc0ru0yaw==
  dependencies:
    "@carbon/colors" "^10.11.0"
    "@carbon/layout" "^10.11.0"
    "@carbon/type" "^10.12.0"
    color "^3.1.2"

"@carbon/type@10.12.0":
  version "10.12.0"
  resolved "https://registry.yarnpkg.com/@carbon/type/-/type-10.12.0.tgz#e36d9982344305f93830548346b304571606d8b8"
  integrity sha512-dzkl0t83VMKkbQPLJEFGfysOn8fBl1y1eENZ2yP28IVcgmNS0WR4cIWIgVnINx2maxvCYQgQkWILk0AYM2PSjg==
  dependencies:
    "@carbon/import-once" "^10.3.0"
    "@carbon/layout" "^10.11.0"

"@carbon/type@^10.12.0":
  version "10.13.0"
  resolved "https://registry.yarnpkg.com/@carbon/type/-/type-10.13.0.tgz#6248082de72a5fcd99dfb88aa1769e169178aa4d"
  integrity sha512-ZpMz5OjMWDC65MFyfcFbRPpKoT0eBaKPXGOiFyRBcNi2PRV5T95tAOMtTmuxIgEXzNjVkh1YTBlUbqhOLxLMxg==
  dependencies:
    "@carbon/import-once" "^10.3.0"
    "@carbon/layout" "^10.12.0"

"@next/env@13.0.2":
  version "13.0.2"
  resolved "https://registry.yarnpkg.com/@next/env/-/env-13.0.2.tgz#5fbd7b4146175ae406edfb4a38b62de8c880c09d"
  integrity sha512-Qb6WPuRriGIQ19qd6NBxpcrFOfj8ziN7l9eZUfwff5gl4zLXluqtuZPddYZM/oWjN53ZYcuRXzL+oowKyJeYtA==

"@next/swc-android-arm-eabi@13.0.2":
  version "13.0.2"
  resolved "https://registry.yarnpkg.com/@next/swc-android-arm-eabi/-/swc-android-arm-eabi-13.0.2.tgz#66669b8aab5062f554b8e9905d855679aabf0342"
  integrity sha512-X54UQCTFyOGnJP//Z71dPPlp4BCYcQL2ncikKXQcPzVpqPs4C3m+tKC8ivBNH6edAXkppwsLRz1/yQwgSZ9Swg==

"@next/swc-android-arm64@13.0.2":
  version "13.0.2"
  resolved "https://registry.yarnpkg.com/@next/swc-android-arm64/-/swc-android-arm64-13.0.2.tgz#c0641d30525e0fb22bf1e2baf6c461d2d9e52f1a"
  integrity sha512-1P00Kv8uKaLubqo7JzPrTqgFAzSOmfb8iwqJrOb9in5IvTRtNGlkR4hU0sXzqbQNM/+SaYxze6Z5ry1IDyb/cQ==

"@next/swc-darwin-arm64@13.0.2":
  version "13.0.2"
  resolved "https://registry.yarnpkg.com/@next/swc-darwin-arm64/-/swc-darwin-arm64-13.0.2.tgz#d7e01a33393e83456dbfdc41446bb8a923968ff7"
  integrity sha512-1zGIOkInkOLRv0QQGZ+3wffYsyKI4vIy62LYTvDWUn7TAYqnmXwougp9NSLqDeagLwgsv2URrykyAFixA/YqxA==

"@next/swc-darwin-x64@13.0.2":
  version "13.0.2"
  resolved "https://registry.yarnpkg.com/@next/swc-darwin-x64/-/swc-darwin-x64-13.0.2.tgz#d4a3fbe51edf871a675d89a7afdc78174d1e5841"
  integrity sha512-ECDAjoMP1Y90cARaelS6X+k6BQx+MikAYJ8f/eaJrLur44NIOYc9HA/dgcTp5jenguY4yT8V+HCquLjAVle6fA==

"@next/swc-freebsd-x64@13.0.2":
  version "13.0.2"
  resolved "https://registry.yarnpkg.com/@next/swc-freebsd-x64/-/swc-freebsd-x64-13.0.2.tgz#1b54c3f38d3b36f86663a8dfcc81ea05e01f5172"
  integrity sha512-2DcL/ofQdBnQX3IoI9sjlIAyLCD1oZoUBuhrhWbejvBQjutWrI0JTEv9uG69WcxWhVMm3BCsjv8GK2/68OKp7A==

"@next/swc-linux-arm-gnueabihf@13.0.2":
  version "13.0.2"
  resolved "https://registry.yarnpkg.com/@next/swc-linux-arm-gnueabihf/-/swc-linux-arm-gnueabihf-13.0.2.tgz#18495cff32c0b2182cfbf677614219d7072214da"
  integrity sha512-Y3OQF1CSBSWW2vGkmvOIuOUNqOq8qX7f1ZpcKUVWP3/Uq++DZmVi9d18lgnSe1I3QFqc+nXWyun9ljsN83j0sw==

"@next/swc-linux-arm64-gnu@13.0.2":
  version "13.0.2"
  resolved "https://registry.yarnpkg.com/@next/swc-linux-arm64-gnu/-/swc-linux-arm64-gnu-13.0.2.tgz#5fb2563651166c3c6f32bf9e2f9cc6a16a9ef783"
  integrity sha512-mNyzwsFF6kwZYEjnGicx9ksDZYEZvyzEc1BtCu8vdZi/v8UeixQwCiAT6FyYX9uxMPEkzk8qiU0t0u9gvltsKw==

"@next/swc-linux-arm64-musl@13.0.2":
  version "13.0.2"
  resolved "https://registry.yarnpkg.com/@next/swc-linux-arm64-musl/-/swc-linux-arm64-musl-13.0.2.tgz#b9f33c5e17cfe04aa5769b717284cf80865761e6"
  integrity sha512-M6SdYjWgRrY3tJBxz0663zCRPTu5BRONmxlftKWWHv9LjAJ59neTLaGj4rp0A08DkJglZIoCkLOzLrzST6TGag==

"@next/swc-linux-x64-gnu@13.0.2":
  version "13.0.2"
  resolved "https://registry.yarnpkg.com/@next/swc-linux-x64-gnu/-/swc-linux-x64-gnu-13.0.2.tgz#29efcc2fd0122689d7e06c5b6b0883fe495db2bf"
  integrity sha512-pi63RoxvG4ES1KS06Zpm0MATVIXTs/TIbLbdckeLoM40u1d3mQl/+hSSrLRSxzc2OtyL8fh92sM4gkJrQXAMAw==

"@next/swc-linux-x64-musl@13.0.2":
  version "13.0.2"
  resolved "https://registry.yarnpkg.com/@next/swc-linux-x64-musl/-/swc-linux-x64-musl-13.0.2.tgz#d68fdf6eefc57813fa91559c7089b49d6131ecab"
  integrity sha512-9Pv91gfYnDONgjtRm78n64b/c54+azeHtlnqBLTnIFWSMBDRl1/WDkhKWIj3fBGPLimtK7Tko3ULR3og9RRUPw==

"@next/swc-win32-arm64-msvc@13.0.2":
  version "13.0.2"
  resolved "https://registry.yarnpkg.com/@next/swc-win32-arm64-msvc/-/swc-win32-arm64-msvc-13.0.2.tgz#acdcb3023045f60cca510f659a2349895e6405bd"
  integrity sha512-Nvewe6YZaizAkGHHprbMkYqQulBjZCHKBGKeFPwoPtOA+a2Qi4pZzc/qXFyC5/2A6Z0mr2U1zg9rd04WBYMwBw==

"@next/swc-win32-ia32-msvc@13.0.2":
  version "13.0.2"
  resolved "https://registry.yarnpkg.com/@next/swc-win32-ia32-msvc/-/swc-win32-ia32-msvc-13.0.2.tgz#a78ee9211471768febac9df915c2a8dbbcd05e41"
  integrity sha512-ZUBYGZw5G3QrqDpRq1EWi3aHmvPZM8ijK5TFL6UbH16cYQ0JpANmuG2P66KB93Qe/lWWzbeAZk/tj1XqwoCuPA==

"@next/swc-win32-x64-msvc@13.0.2":
  version "13.0.2"
  resolved "https://registry.yarnpkg.com/@next/swc-win32-x64-msvc/-/swc-win32-x64-msvc-13.0.2.tgz#e86c2de910cd68a17974db5556d4588737412c68"
  integrity sha512-fA9uW1dm7C0mEYGcKlbmLcVm2sKcye+1kPxh2cM4jVR+kQQMtHWsjIzeSpe2grQLSDan06z4n6hbr8b1c3hA8w==

"@swc/helpers@0.4.11":
  version "0.4.11"
  resolved "https://registry.yarnpkg.com/@swc/helpers/-/helpers-0.4.11.tgz#db23a376761b3d31c26502122f349a21b592c8de"
  integrity sha512-rEUrBSGIoSFuYxwBYtlUFMlE2CwGhmW+w9355/5oduSw8e5h2+Tj4UrAGNNgP9915++wj5vkQo0UuOBqOAq4nw==
  dependencies:
    tslib "^2.4.0"

asap@~2.0.3:
  version "2.0.6"
  resolved "https://registry.yarnpkg.com/asap/-/asap-2.0.6.tgz#e50347611d7e690943208bbdafebcbc2fb866d46"
  integrity sha1-5QNHYR1+aQlDIIu9r+vLwvuGbUY=

caniuse-lite@^1.0.30001406:
  version "1.0.30001431"
  resolved "https://registry.yarnpkg.com/caniuse-lite/-/caniuse-lite-1.0.30001431.tgz#e7c59bd1bc518fae03a4656be442ce6c4887a795"
  integrity sha512-zBUoFU0ZcxpvSt9IU66dXVT/3ctO1cy4y9cscs1szkPlcWb6pasYM144GqrUygUbT+k7cmUCW61cvskjcv0enQ==

carbon-components-react@7.15.0:
  version "7.15.0"
  resolved "https://registry.yarnpkg.com/carbon-components-react/-/carbon-components-react-7.15.0.tgz#95d6a6add79c12c8f8c0694405e644e58a1f5797"
  integrity sha512-relbXXLn1AX0UsqiW7nwjVijqzxRA04feQeijfBNQ8KdejLys/LXVgUHeO6yaW+wOp1Ck9SzjqJhYCbFiwTfVw==
  dependencies:
    "@carbon/icons-react" "^10.13.0"
    classnames "2.2.6"
    downshift "5.0.5"
    flatpickr "4.6.1"
    invariant "^2.2.3"
    lodash.debounce "^4.0.8"
    lodash.findlast "^4.5.0"
    lodash.isequal "^4.5.0"
    lodash.omit "^4.5.0"
    lodash.throttle "^4.1.1"
    react-is "^16.8.6"
    use-resize-observer "^6.0.0"
    warning "^3.0.0"
    window-or-global "^1.0.1"

carbon-components-react@^7.3.0:
  version "7.16.0"
  resolved "https://registry.yarnpkg.com/carbon-components-react/-/carbon-components-react-7.16.0.tgz#e9af926f24abcb0c1d8b7e684ab1527e3172baac"
  integrity sha512-eNQRrUzdfULSy7hP+5/z39HzQdITsqqySEYTeVQcqcIr2uFn6Yiz91gnQiJRudB+I/xTZHW72EfkY6q1aA35cQ==
  dependencies:
    "@carbon/icons-react" "^10.14.0"
    classnames "2.2.6"
    downshift "5.2.1"
    flatpickr "4.6.1"
    invariant "^2.2.3"
    lodash.debounce "^4.0.8"
    lodash.findlast "^4.5.0"
    lodash.isequal "^4.5.0"
    lodash.omit "^4.5.0"
    lodash.throttle "^4.1.1"
    react-is "^16.8.6"
    use-resize-observer "^6.0.0"
    warning "^3.0.0"
    window-or-global "^1.0.1"

carbon-components@10.15.0:
  version "10.15.0"
  resolved "https://registry.yarnpkg.com/carbon-components/-/carbon-components-10.15.0.tgz#1bf5fcb49a5780c5596596a449600e01a0701f67"
  integrity sha512-Cv9c9tzyNf8E5N6kaUHW213fyEqQp0rlzrVCZ1UxmDZuYcxihjoFtGOFLyEvHRFU0jYgqzrDgLv/wNGzAD/ENQ==
  dependencies:
    flatpickr "4.6.1"
    lodash.debounce "^4.0.8"
    warning "^3.0.0"

carbon-components@^10.3.0:
  version "10.16.0"
  resolved "https://registry.yarnpkg.com/carbon-components/-/carbon-components-10.16.0.tgz#1f631788ea16485041729c5a6b65d1d79063eb86"
  integrity sha512-7MltjxNKEjjJ+TOJv3qexE2wBiXQ5qNtMb+in2OJqAWEfixeDHLB+ZtkShAQmKzNw5jIX7w8jfsp2JC4CkApiw==
  dependencies:
    flatpickr "4.6.1"
    lodash.debounce "^4.0.8"
    warning "^3.0.0"

carbon-icons@7.0.7, carbon-icons@^7.0.7:
  version "7.0.7"
  resolved "https://registry.yarnpkg.com/carbon-icons/-/carbon-icons-7.0.7.tgz#ebafe3e9fa25df973796a8eca06d8a7c501cc610"
  integrity sha512-3vgkdXJRgCViCrH3fLUdyAXo0I8wmohO6QETv7vWFx6yc7s+SirWFBSFL38zUx4MHtR8iTxIlLEzkeU6FlFtXg==

change-emitter@^0.1.2:
  version "0.1.6"
  resolved "https://registry.yarnpkg.com/change-emitter/-/change-emitter-0.1.6.tgz#e8b2fe3d7f1ab7d69a32199aff91ea6931409515"
  integrity sha1-6LL+PX8at9aaMhma/5HqaTFAlRU=

classnames@2.2.6, classnames@^2.2.5:
  version "2.2.6"
  resolved "https://registry.yarnpkg.com/classnames/-/classnames-2.2.6.tgz#43935bffdd291f326dad0a205309b38d00f650ce"
  integrity sha512-JR/iSQOSt+LQIWwrwEzJ9uk0xfN3mTVYMwt1Ir5mUcSN6pU+V4zQFFaJsclJbPuAUQH+yfWef6tm7l1quW3C8Q==

client-only@0.0.1:
  version "0.0.1"
  resolved "https://registry.yarnpkg.com/client-only/-/client-only-0.0.1.tgz#38bba5d403c41ab150bff64a95c85013cf73bca1"
  integrity sha512-IV3Ou0jSMzZrd3pZ48nLkT9DA7Ag1pnPzaiQhpW7c3RbcqqzvzzVu+L8gfqMp/8IM2MQtSiqaCxrrcfu8I8rMA==

color-convert@^1.9.1:
  version "1.9.3"
  resolved "https://registry.yarnpkg.com/color-convert/-/color-convert-1.9.3.tgz#bb71850690e1f136567de629d2d5471deda4c1e8"
  integrity sha512-QfAUtd+vFdAtFQcC8CCyYt1fYWxSqAiK2cSD6zDB8N3cpsEBAvRxp9zOGg6G/SHHJYAT88/az/IuDGALsNVbGg==
  dependencies:
    color-name "1.1.3"

color-name@1.1.3:
  version "1.1.3"
  resolved "https://registry.yarnpkg.com/color-name/-/color-name-1.1.3.tgz#a7d0558bd89c42f795dd42328f740831ca53bc25"
  integrity sha1-p9BVi9icQveV3UIyj3QIMcpTvCU=

color-name@^1.0.0:
  version "1.1.4"
  resolved "https://registry.yarnpkg.com/color-name/-/color-name-1.1.4.tgz#c2a09a87acbde69543de6f63fa3995c826c536a2"
  integrity sha512-dOy+3AuW3a2wNbZHIuMZpTcgjGuLU/uBL/ubcZF9OXbDo8ff4O8yVp5Bf0efS8uEoYo5q4Fx7dY9OgQGXgAsQA==

color-string@^1.5.2:
  version "1.5.3"
  resolved "https://registry.yarnpkg.com/color-string/-/color-string-1.5.3.tgz#c9bbc5f01b58b5492f3d6857459cb6590ce204cc"
  integrity sha512-dC2C5qeWoYkxki5UAXapdjqO672AM4vZuPGRQfO8b5HKuKGBbKWpITyDYN7TOFKvRW7kOgAn3746clDBMDJyQw==
  dependencies:
    color-name "^1.0.0"
    simple-swizzle "^0.2.2"

color@^3.1.2:
  version "3.1.2"
  resolved "https://registry.yarnpkg.com/color/-/color-3.1.2.tgz#68148e7f85d41ad7649c5fa8c8106f098d229e10"
  integrity sha512-vXTJhHebByxZn3lDvDJYw4lR5+uB3vuoHsuYA5AKuxRVn5wzzIfQKGLBmgdVRHKTJYeK5rvJcHnrd0Li49CFpg==
  dependencies:
    color-convert "^1.9.1"
    color-string "^1.5.2"

compute-scroll-into-view@^1.0.13, compute-scroll-into-view@^1.0.9:
  version "1.0.14"
  resolved "https://registry.yarnpkg.com/compute-scroll-into-view/-/compute-scroll-into-view-1.0.14.tgz#80e3ebb25d6aa89f42e533956cb4b16a04cfe759"
  integrity sha512-mKDjINe3tc6hGelUMNDzuhorIUZ7kS7BwyY0r2wQd2HOH2tRuJykiC06iSEX8y1TuhNzvz4GcJnK16mM2J1NMQ==

core-js@^1.0.0:
  version "1.2.7"
  resolved "https://registry.yarnpkg.com/core-js/-/core-js-1.2.7.tgz#652294c14651db28fa93bd2d5ff2983a4f08c636"
  integrity sha1-ZSKUwUZR2yj6k70tX/KYOk8IxjY=

csstype@^2.6.7:
  version "2.6.13"
  resolved "https://registry.yarnpkg.com/csstype/-/csstype-2.6.13.tgz#a6893015b90e84dd6e85d0e3b442a1e84f2dbe0f"
  integrity sha512-ul26pfSQTZW8dcOnD2iiJssfXw0gdNVX9IJDH/X3K5DGPfj+fUYe3kB+swUY6BF3oZDxaID3AJt+9/ojSAE05A==

dom-helpers@^5.0.1:
  version "5.1.4"
  resolved "https://registry.yarnpkg.com/dom-helpers/-/dom-helpers-5.1.4.tgz#4609680ab5c79a45f2531441f1949b79d6587f4b"
  integrity sha512-TjMyeVUvNEnOnhzs6uAn9Ya47GmMo3qq7m+Lr/3ON0Rs5kHvb8I+SQYjLUSYn7qhEm0QjW0yrBkvz9yOrwwz1A==
  dependencies:
    "@babel/runtime" "^7.8.7"
    csstype "^2.6.7"

downshift@5.0.5:
  version "5.0.5"
  resolved "https://registry.yarnpkg.com/downshift/-/downshift-5.0.5.tgz#1cc90dc09ae62998ce28a4ce457e0f1cdd0bfcfa"
  integrity sha512-V1idov3Rkvz1YWA1K67aIx51EgokIDvep4x6KmU7HhsayI8DvTEZBeH4O92zeFVGximKujRO7ChBzBAf4PKWFA==
  dependencies:
    "@babel/runtime" "^7.4.5"
    compute-scroll-into-view "^1.0.9"
    prop-types "^15.7.2"
    react-is "^16.9.0"

downshift@5.2.1:
  version "5.2.1"
  resolved "https://registry.yarnpkg.com/downshift/-/downshift-5.2.1.tgz#38ab0b274643717de7b63fbb1a76b159dcc3f49e"
  integrity sha512-uHX2OLbWthLR8QbR8NCI8OmjvvJxq8+PrA95KblFd9JyB1zVZh1HnszzsWMMCnMuH6IvsUtVfF5HY7XfijJ2dw==
  dependencies:
    "@babel/runtime" "^7.9.1"
    compute-scroll-into-view "^1.0.13"
    prop-types "^15.7.2"
    react-is "^16.13.1"

downshift@^1.31.14:
  version "1.31.16"
  resolved "https://registry.yarnpkg.com/downshift/-/downshift-1.31.16.tgz#acd81631539502d4112d01bd573654419fd9f640"
  integrity sha512-RskXmiGSoz0EHAyBrmTBGSLHg6+NYDGuLu2W3GpmuOe6hmZEWhCiQrq5g6DWzhnUaJD41xHbbfC6j1Fe86YqgA==

encoding@^0.1.11:
  version "0.1.13"
  resolved "https://registry.yarnpkg.com/encoding/-/encoding-0.1.13.tgz#56574afdd791f54a8e9b2785c0582a2d26210fa9"
  integrity sha512-ETBauow1T35Y/WZMkio9jiM0Z5xjHHmJ4XmjZOq1l/dXz3lr2sRn87nJy20RupqSh1F2m3HHPSp8ShIPQJrJ3A==
  dependencies:
    iconv-lite "^0.6.2"

export-to-csv@^0.2.1:
  version "0.2.1"
  resolved "https://registry.yarnpkg.com/export-to-csv/-/export-to-csv-0.2.1.tgz#8f997156feebc1cf995096da16341aa0100cce4e"
  integrity sha512-KTbrd3CAZ0cFceJEZr1e5uiMasabeCpXq1/5uvVxDl53o4jXJHnltasQoj2NkzrxD8hU9kdwjnMhoir/7nNx/A==

fbjs@^0.8.1:
  version "0.8.17"
  resolved "https://registry.yarnpkg.com/fbjs/-/fbjs-0.8.17.tgz#c4d598ead6949112653d6588b01a5cdcd9f90fdd"
  integrity sha1-xNWY6taUkRJlPWWIsBpc3Nn5D90=
  dependencies:
    core-js "^1.0.0"
    isomorphic-fetch "^2.1.1"
    loose-envify "^1.0.0"
    object-assign "^4.1.0"
    promise "^7.1.1"
    setimmediate "^1.0.5"
    ua-parser-js "^0.7.18"

flatpickr@4.6.1:
  version "4.6.1"
  resolved "https://registry.yarnpkg.com/flatpickr/-/flatpickr-4.6.1.tgz#9eb498ab805dd27f5ae02e1ac6ac6c099ce45e94"
  integrity sha512-3ULSxbXmcMIRzer/2jLNweoqHpwDvsjEawO2FUd9UFR8uPwLM+LruZcPDpuZStcEgbQKhuFOfXo4nYdGladSNw==

flatpickr@^4.6.1:
  version "4.6.3"
  resolved "https://registry.yarnpkg.com/flatpickr/-/flatpickr-4.6.3.tgz#15a8b76b6e34e3a072861250503a5995b9d3bc60"
  integrity sha512-007VucCkqNOMMb9ggRLNuJowwaJcyOh4sKAFcdGfahfGc7JQbf94zSzjdBq/wVyHWUEs5o3+idhFZ0wbZMRmVQ==

focus-trap-react@^6.0.0:
  version "6.0.0"
  resolved "https://registry.yarnpkg.com/focus-trap-react/-/focus-trap-react-6.0.0.tgz#3f5a9f68447dd374d22388fb4c50018be83e74a5"
  integrity sha512-mvEYxmP75PMx0vOqoIAmJHO/qUEvdTAdz6gLlEZyxxODnuKQdnKea2RWTYxghAPrV+ibiIq2o/GTSgQycnAjcw==
  dependencies:
    focus-trap "^4.0.2"

focus-trap@^4.0.2:
  version "4.0.2"
  resolved "https://registry.yarnpkg.com/focus-trap/-/focus-trap-4.0.2.tgz#4ee2b96547c9ea0e4252a2d4b2cca68944194663"
  integrity sha512-HtLjfAK7Hp2qbBtLS6wEznID1mPT+48ZnP2nkHzgjpL4kroYHg0CdqJ5cTXk+UO5znAxF5fRUkhdyfgrhh8Lzw==
  dependencies:
    tabbable "^3.1.2"
    xtend "^4.0.1"

hoist-non-react-statics@^2.3.1:
  version "2.5.5"
  resolved "https://registry.yarnpkg.com/hoist-non-react-statics/-/hoist-non-react-statics-2.5.5.tgz#c5903cf409c0dfd908f388e619d86b9c1174cb47"
  integrity sha512-rqcy4pJo55FTTLWt+bU8ukscqHeE/e9KWvsOW2b/a3afxQZhwkQdT1rPPCJ0rYXdj4vNcasY8zHTH+jF/qStxw==

iconv-lite@^0.6.2:
  version "0.6.2"
  resolved "https://registry.yarnpkg.com/iconv-lite/-/iconv-lite-0.6.2.tgz#ce13d1875b0c3a674bd6a04b7f76b01b1b6ded01"
  integrity sha512-2y91h5OpQlolefMPmUlivelittSWy0rP+oYVpn6A7GwVHNE8AWzoYOBNmlwks3LobaJxgHCYZAnyNo2GgpNRNQ==
  dependencies:
    safer-buffer ">= 2.1.2 < 3.0.0"

invariant@^2.2.3:
  version "2.2.4"
  resolved "https://registry.yarnpkg.com/invariant/-/invariant-2.2.4.tgz#610f3c92c9359ce1db616e538008d23ff35158e6"
  integrity sha512-phJfQVBuaJM5raOpJjSfkiD6BpbCE4Ns//LaXl6wGYtUBY83nWS6Rf9tXm2e8VaK60JEjYldbPif/A2B1C2gNA==
  dependencies:
    loose-envify "^1.0.0"

is-arrayish@^0.3.1:
  version "0.3.2"
  resolved "https://registry.yarnpkg.com/is-arrayish/-/is-arrayish-0.3.2.tgz#4574a2ae56f7ab206896fb431eaeed066fdf8f03"
  integrity sha512-eVRqCvVlZbuw3GrM63ovNSNAeA1K16kaR/LRY/92w0zxQ5/1YzwblUX652i4Xs9RwAGjW9d9y6X88t8OaAJfWQ==

is-stream@^1.0.1:
  version "1.1.0"
  resolved "https://registry.yarnpkg.com/is-stream/-/is-stream-1.1.0.tgz#12d4a3dd4e68e0b79ceb8dbc84173ae80d91ca44"
  integrity sha1-EtSj3U5o4Lec6428hBc66A2RykQ=

isomorphic-fetch@^2.1.1:
  version "2.2.1"
  resolved "https://registry.yarnpkg.com/isomorphic-fetch/-/isomorphic-fetch-2.2.1.tgz#611ae1acf14f5e81f729507472819fe9733558a9"
  integrity sha1-YRrhrPFPXoH3KVB0coGf6XM1WKk=
  dependencies:
    node-fetch "^1.0.1"
    whatwg-fetch ">=0.10.0"

"js-tokens@^3.0.0 || ^4.0.0":
  version "4.0.0"
  resolved "https://registry.yarnpkg.com/js-tokens/-/js-tokens-4.0.0.tgz#19203fb59991df98e3a287050d4647cdeaf32499"
  integrity sha512-RdJUflcE3cUzKiMqQgsCu06FPu9UdIJO0beYbPhHN4k6apgJtifcoCtT9bcxOpYBtpD2kCM6Sbzg4CausW/PKQ==

lodash.debounce@^4.0.8:
  version "4.0.8"
  resolved "https://registry.yarnpkg.com/lodash.debounce/-/lodash.debounce-4.0.8.tgz#82d79bff30a67c4005ffd5e2515300ad9ca4d7af"
  integrity sha1-gteb/zCmfEAF/9XiUVMArZyk168=

lodash.findlast@^4.5.0:
  version "4.6.0"
  resolved "https://registry.yarnpkg.com/lodash.findlast/-/lodash.findlast-4.6.0.tgz#ea8bb78cf2e7e7804fc8aeb7d1953e07fe31fbc8"
  integrity sha1-6ou3jPLn54BPyK630ZU+B/4x+8g=

lodash.isequal@^4.5.0:
  version "4.5.0"
  resolved "https://registry.yarnpkg.com/lodash.isequal/-/lodash.isequal-4.5.0.tgz#415c4478f2bcc30120c22ce10ed3226f7d3e18e0"
  integrity sha1-QVxEePK8wwEgwizhDtMib30+GOA=

lodash.omit@^4.5.0:
  version "4.5.0"
  resolved "https://registry.yarnpkg.com/lodash.omit/-/lodash.omit-4.5.0.tgz#6eb19ae5a1ee1dd9df0b969e66ce0b7fa30b5e60"
  integrity sha1-brGa5aHuHdnfC5aeZs4Lf6MLXmA=

lodash.throttle@^4.1.1:
  version "4.1.1"
  resolved "https://registry.yarnpkg.com/lodash.throttle/-/lodash.throttle-4.1.1.tgz#c23e91b710242ac70c37f1e1cda9274cc39bf2f4"
  integrity sha1-wj6RtxAkKscMN/HhzaknTMOb8vQ=

loose-envify@^1.0.0, loose-envify@^1.1.0, loose-envify@^1.4.0:
  version "1.4.0"
  resolved "https://registry.yarnpkg.com/loose-envify/-/loose-envify-1.4.0.tgz#71ee51fa7be4caec1a63839f7e682d8132d30caf"
  integrity sha512-lyuxPGr/Wfhrlem2CL/UcnUc1zcqKAImBDzukY7Y5F/yQiNdko6+fRLevlw1HgMySw7f611UIY408EtxRSoK3Q==
  dependencies:
    js-tokens "^3.0.0 || ^4.0.0"

nanoid@^3.3.4:
  version "3.3.4"
  resolved "https://registry.yarnpkg.com/nanoid/-/nanoid-3.3.4.tgz#730b67e3cd09e2deacf03c027c81c9d9dbc5e8ab"
  integrity sha512-MqBkQh/OHTS2egovRtLk45wEyNXwF+cokD+1YPf9u5VfJiRdAiRwB2froX5Co9Rh20xs4siNPm8naNotSD6RBw==

next@13.0.2:
  version "13.0.2"
  resolved "https://registry.yarnpkg.com/next/-/next-13.0.2.tgz#b8c8642c70f736ed91105645391d335fc51c8f62"
  integrity sha512-uQ5z5e4D9mOe8+upy6bQdYYjo/kk1v3jMW87kTy2TgAyAsEO+CkwRnMgyZ4JoHEnhPZLHwh7dk0XymRNLe1gFw==
  dependencies:
    "@next/env" "13.0.2"
    "@swc/helpers" "0.4.11"
    caniuse-lite "^1.0.30001406"
    postcss "8.4.14"
    styled-jsx "5.1.0"
    use-sync-external-store "1.2.0"
  optionalDependencies:
    "@next/swc-android-arm-eabi" "13.0.2"
    "@next/swc-android-arm64" "13.0.2"
    "@next/swc-darwin-arm64" "13.0.2"
    "@next/swc-darwin-x64" "13.0.2"
    "@next/swc-freebsd-x64" "13.0.2"
    "@next/swc-linux-arm-gnueabihf" "13.0.2"
    "@next/swc-linux-arm64-gnu" "13.0.2"
    "@next/swc-linux-arm64-musl" "13.0.2"
    "@next/swc-linux-x64-gnu" "13.0.2"
    "@next/swc-linux-x64-musl" "13.0.2"
    "@next/swc-win32-arm64-msvc" "13.0.2"
    "@next/swc-win32-ia32-msvc" "13.0.2"
    "@next/swc-win32-x64-msvc" "13.0.2"

node-fetch@^1.0.1:
  version "1.7.3"
  resolved "https://registry.yarnpkg.com/node-fetch/-/node-fetch-1.7.3.tgz#980f6f72d85211a5347c6b2bc18c5b84c3eb47ef"
  integrity sha512-NhZ4CsKx7cYm2vSrBAr2PvFOe6sWDf0UYLRqA6svUYg7+/TSfVAu49jYC4BvQ4Sms9SZgdqGBgroqfDhJdTyKQ==
  dependencies:
    encoding "^0.1.11"
    is-stream "^1.0.1"

numeral@^2.0.6:
  version "2.0.6"
  resolved "https://registry.yarnpkg.com/numeral/-/numeral-2.0.6.tgz#4ad080936d443c2561aed9f2197efffe25f4e506"
  integrity sha1-StCAk21EPCVhrtnyGX7//iX05QY=

object-assign@^4.1.0, object-assign@^4.1.1:
  version "4.1.1"
  resolved "https://registry.yarnpkg.com/object-assign/-/object-assign-4.1.1.tgz#2109adc7965887cfc05cbbd442cac8bfbb360863"
  integrity sha1-IQmtx5ZYh8/AXLvUQsrIv7s2CGM=

picocolors@^1.0.0:
  version "1.0.0"
  resolved "https://registry.yarnpkg.com/picocolors/-/picocolors-1.0.0.tgz#cb5bdc74ff3f51892236eaf79d68bc44564ab81c"
  integrity sha512-1fygroTLlHu66zi26VoTDv8yRgm0Fccecssto+MhsZ0D/DGW2sm8E8AjW7NU5VVTRt5GxbeZ5qBuJr+HyLYkjQ==

postcss@8.4.14:
  version "8.4.14"
  resolved "https://registry.yarnpkg.com/postcss/-/postcss-8.4.14.tgz#ee9274d5622b4858c1007a74d76e42e56fd21caf"
  integrity sha512-E398TUmfAYFPBSdzgeieK2Y1+1cpdxJx8yXbK/m57nRhKSmk1GB2tO4lbLBtlkfPQTDKfe4Xqv1ASWPpayPEig==
  dependencies:
    nanoid "^3.3.4"
    picocolors "^1.0.0"
    source-map-js "^1.0.2"

promise@^7.1.1:
  version "7.3.1"
  resolved "https://registry.yarnpkg.com/promise/-/promise-7.3.1.tgz#064b72602b18f90f29192b8b1bc418ffd1ebd3bf"
  integrity sha512-nolQXZ/4L+bP/UGlkfaIujX9BKxGwmQ9OT4mOt5yvy8iK1h3wqTEJCijzGANTCCl9nWjY41juyAn2K3Q1hLLTg==
  dependencies:
    asap "~2.0.3"

prop-types@^15.6.2, prop-types@^15.7.2:
  version "15.7.2"
  resolved "https://registry.yarnpkg.com/prop-types/-/prop-types-15.7.2.tgz#52c41e75b8c87e72b9d9360e0206b99dcbffa6c5"
  integrity sha512-8QQikdH7//R2vurIJSutZ1smHYTcLpRWEOlHnzcWHmBYrOGUysKwSsrC89BCiFj3CbrfJ/nXFdJepOVrY1GCHQ==
  dependencies:
    loose-envify "^1.4.0"
    object-assign "^4.1.1"
    react-is "^16.8.1"

ramda@^0.26.1:
  version "0.26.1"
  resolved "https://registry.yarnpkg.com/ramda/-/ramda-0.26.1.tgz#8d41351eb8111c55353617fc3bbffad8e4d35d06"
  integrity sha512-hLWjpy7EnsDBb0p+Z3B7rPi3GDeRG5ZtiI33kJhTt+ORCd38AbAIjB/9zRIUoeTbE/AVX5ZkU7m6bznsvrf8eQ==

react-dom@16.13.1:
  version "16.13.1"
  resolved "https://registry.yarnpkg.com/react-dom/-/react-dom-16.13.1.tgz#c1bd37331a0486c078ee54c4740720993b2e0e7f"
  integrity sha512-81PIMmVLnCNLO/fFOQxdQkvEq/+Hfpv24XNJfpyZhTRfO0QcmQIF/PgCa1zCOj2w1hrn12MFLyaJ/G0+Mxtfag==
  dependencies:
    loose-envify "^1.1.0"
    object-assign "^4.1.1"
    prop-types "^15.6.2"
    scheduler "^0.19.1"

react-is@^16.13.0, react-is@^16.13.1, react-is@^16.8.1, react-is@^16.8.6, react-is@^16.9.0:
  version "16.13.1"
  resolved "https://registry.yarnpkg.com/react-is/-/react-is-16.13.1.tgz#789729a4dc36de2999dc156dd6c1d9c18cea56a4"
  integrity sha512-24e6ynE2H+OKt4kqsOvNd8kBpV65zoxbA4BVsEOB3ARVWQki/DHzaUoC5KuON/BiccDaCCTZBuOcfZs70kR8bQ==

react-lifecycles-compat@^3.0.2:
  version "3.0.4"
  resolved "https://registry.yarnpkg.com/react-lifecycles-compat/-/react-lifecycles-compat-3.0.4.tgz#4f1a273afdfc8f3488a8c516bfda78f872352362"
  integrity sha512-fBASbA6LnOU9dOU2eW7aQ8xmYBSXUIWr+UmF9b1efZBazGNO+rcXT/icdKnYm2pTwcRylVUYwW7H1PHfLekVzA==

react-transition-group@^4.3.0:
  version "4.4.1"
  resolved "https://registry.yarnpkg.com/react-transition-group/-/react-transition-group-4.4.1.tgz#63868f9325a38ea5ee9535d828327f85773345c9"
  integrity sha512-Djqr7OQ2aPUiYurhPalTrVy9ddmFCCzwhqQmtN+J3+3DzLO209Fdr70QrN8Z3DsglWql6iY1lDWAfpFiBtuKGw==
  dependencies:
    "@babel/runtime" "^7.5.5"
    dom-helpers "^5.0.1"
    loose-envify "^1.4.0"
    prop-types "^15.6.2"

react@16.13.1:
  version "16.13.1"
  resolved "https://registry.yarnpkg.com/react/-/react-16.13.1.tgz#2e818822f1a9743122c063d6410d85c1e3afe48e"
  integrity sha512-YMZQQq32xHLX0bz5Mnibv1/LHb3Sqzngu7xstSM+vrkE5Kzr9xE0yMByK5kMoTK30YVJE61WfbxIFFvfeDKT1w==
  dependencies:
    loose-envify "^1.1.0"
    object-assign "^4.1.1"
    prop-types "^15.6.2"

recompose@0.30.0:
  version "0.30.0"
  resolved "https://registry.yarnpkg.com/recompose/-/recompose-0.30.0.tgz#82773641b3927e8c7d24a0d87d65aeeba18aabd0"
  integrity sha512-ZTrzzUDa9AqUIhRk4KmVFihH0rapdCSMFXjhHbNrjAWxBuUD/guYlyysMnuHjlZC/KRiOKRtB4jf96yYSkKE8w==
  dependencies:
    "@babel/runtime" "^7.0.0"
    change-emitter "^0.1.2"
    fbjs "^0.8.1"
    hoist-non-react-statics "^2.3.1"
    react-lifecycles-compat "^3.0.2"
    symbol-observable "^1.0.4"

reduced-utils@0.1.2:
  version "0.1.2"
  resolved "https://registry.yarnpkg.com/reduced-utils/-/reduced-utils-0.1.2.tgz#49ff4eedd1d0700e0aac7851c5845df385eb3d46"
  integrity sha512-pwzl66UIRoogOJlAKo+vnbFn+YnTv32/e1wWCfEAvry5JrbKC8ZSCIsVhDbS0EE53zl40GLEnGaS4WqKE2AZ4A==

regenerator-runtime@^0.13.4:
  version "0.13.7"
  resolved "https://registry.yarnpkg.com/regenerator-runtime/-/regenerator-runtime-0.13.7.tgz#cac2dacc8a1ea675feaabaeb8ae833898ae46f55"
  integrity sha512-a54FxoJDIr27pgf7IgeQGxmqUNYrcV338lf/6gH456HZ/PhX+5BcwHXG9ajESmwe6WRO0tAzRUrRmNONWgkrew==

resize-observer-polyfill@^1.5.1:
  version "1.5.1"
  resolved "https://registry.yarnpkg.com/resize-observer-polyfill/-/resize-observer-polyfill-1.5.1.tgz#0e9020dd3d21024458d4ebd27e23e40269810464"
  integrity sha512-LwZrotdHOo12nQuZlHEmtuXdqGoOD0OhaxopaNFxWzInpEgaLWoVuAMbTzixuosCx2nEG58ngzW3vxdWoxIgdg==

"safer-buffer@>= 2.1.2 < 3.0.0":
  version "2.1.2"
  resolved "https://registry.yarnpkg.com/safer-buffer/-/safer-buffer-2.1.2.tgz#44fa161b0187b9549dd84bb91802f9bd8385cd6a"
  integrity sha512-YZo3K82SD7Riyi0E1EQPojLz7kpepnSQI9IyPbHHg1XXXevb5dJI7tpyN2ADxGcQbHG7vcyRHk0cbwqcQriUtg==

scheduler@^0.19.1:
  version "0.19.1"
  resolved "https://registry.yarnpkg.com/scheduler/-/scheduler-0.19.1.tgz#4f3e2ed2c1a7d65681f4c854fa8c5a1ccb40f196"
  integrity sha512-n/zwRWRYSUj0/3g/otKDRPMh6qv2SYMWNq85IEa8iZyAv8od9zDYpGSnpBEjNgcMNq6Scbu5KfIPxNF72R/2EA==
  dependencies:
    loose-envify "^1.1.0"
    object-assign "^4.1.1"

setimmediate@^1.0.5:
  version "1.0.5"
  resolved "https://registry.yarnpkg.com/setimmediate/-/setimmediate-1.0.5.tgz#290cbb232e306942d7d7ea9b83732ab7856f8285"
  integrity sha1-KQy7Iy4waULX1+qbg3Mqt4VvgoU=

simple-swizzle@^0.2.2:
  version "0.2.2"
  resolved "https://registry.yarnpkg.com/simple-swizzle/-/simple-swizzle-0.2.2.tgz#a4da6b635ffcccca33f70d17cb92592de95e557a"
  integrity sha1-pNprY1/8zMoz9w0Xy5JZLeleVXo=
  dependencies:
    is-arrayish "^0.3.1"

source-map-js@^1.0.2:
  version "1.0.2"
  resolved "https://registry.yarnpkg.com/source-map-js/-/source-map-js-1.0.2.tgz#adbc361d9c62df380125e7f161f71c826f1e490c"
  integrity sha512-R0XvVJ9WusLiqTCEiGCmICCMplcCkIwwR11mOSD9CR5u+IXYdiseeEuXCVAjS54zqwkLcPNnmU4OeJ6tUrWhDw==

styled-jsx@5.1.0:
  version "5.1.0"
  resolved "https://registry.yarnpkg.com/styled-jsx/-/styled-jsx-5.1.0.tgz#4a5622ab9714bd3fcfaeec292aa555871f057563"
  integrity sha512-/iHaRJt9U7T+5tp6TRelLnqBqiaIT0HsO0+vgyj8hK2KUk7aejFqRrumqPUlAqDwAj8IbS/1hk3IhBAAK/FCUQ==
  dependencies:
    client-only "0.0.1"

symbol-observable@^1.0.4:
  version "1.2.0"
  resolved "https://registry.yarnpkg.com/symbol-observable/-/symbol-observable-1.2.0.tgz#c22688aed4eab3cdc2dfeacbb561660560a00804"
  integrity sha512-e900nM8RRtGhlV36KGEU9k65K3mPb1WV70OdjfxlG2EAuM1noi/E/BaW/uMhL7bPEssK8QV57vN3esixjUvcXQ==

tabbable@^3.1.2:
  version "3.1.2"
  resolved "https://registry.yarnpkg.com/tabbable/-/tabbable-3.1.2.tgz#f2d16cccd01f400e38635c7181adfe0ad965a4a2"
  integrity sha512-wjB6puVXTYO0BSFtCmWQubA/KIn7Xvajw0x0l6eJUudMG/EAiJvIUnyNX6xO4NpGrJ16lbD0eUseB9WxW0vlpQ==

throttle-debounce@^2.0.1:
  version "2.2.1"
  resolved "https://registry.yarnpkg.com/throttle-debounce/-/throttle-debounce-2.2.1.tgz#fbd933ae6793448816f7d5b3cae259d464c98137"
  integrity sha512-i9hAVld1f+woAiyNGqWelpDD5W1tpMroL3NofTz9xzwq6acWBlO2dC8k5EFSZepU6oOINtV5Q3aSPoRg7o4+fA==

tslib@^2.4.0:
  version "2.4.1"
  resolved "https://registry.yarnpkg.com/tslib/-/tslib-2.4.1.tgz#0d0bfbaac2880b91e22df0768e55be9753a5b17e"
  integrity sha512-tGyy4dAjRIEwI7BzsB0lynWgOpfqjUdq91XXAlIWD2OwKBH7oCl/GZG/HT4BOHrTlPMOASlMQ7veyTqpmRcrNA==

ua-parser-js@^0.7.18:
  version "0.7.21"
  resolved "https://registry.yarnpkg.com/ua-parser-js/-/ua-parser-js-0.7.21.tgz#853cf9ce93f642f67174273cc34565ae6f308777"
  integrity sha512-+O8/qh/Qj8CgC6eYBVBykMrNtp5Gebn4dlGD/kKXVkJNDwyrAwSIqwz8CDf+tsAIWVycKcku6gIXJ0qwx/ZXaQ==

use-resize-observer@^6.0.0:
  version "6.1.0"
  resolved "https://registry.yarnpkg.com/use-resize-observer/-/use-resize-observer-6.1.0.tgz#d4d267a940dbf9c326da6042f8a4bb8c89d29729"
  integrity sha512-SiPcWHiIQ1CnHmb6PxbYtygqiZXR0U9dNkkbpX9VYnlstUwF8+QqpUTrzh13pjPwcjMVGR+QIC+nvF5ujfFNng==
  dependencies:
    resize-observer-polyfill "^1.5.1"

use-sync-external-store@1.2.0:
  version "1.2.0"
  resolved "https://registry.yarnpkg.com/use-sync-external-store/-/use-sync-external-store-1.2.0.tgz#7dbefd6ef3fe4e767a0cf5d7287aacfb5846928a"
  integrity sha512-eEgnFxGQ1Ife9bzYs6VLi8/4X6CObHMw9Qr9tPY43iKwsPw8xE8+EFsf/2cFZ5S3esXgpWgtSCtLNS41F+sKPA==

warning@^3.0.0:
  version "3.0.0"
  resolved "https://registry.yarnpkg.com/warning/-/warning-3.0.0.tgz#32e5377cb572de4ab04753bdf8821c01ed605b7c"
  integrity sha1-MuU3fLVy3kqwR1O9+IIcAe1gW3w=
  dependencies:
    loose-envify "^1.0.0"

whatwg-fetch@>=0.10.0:
  version "3.2.0"
  resolved "https://registry.yarnpkg.com/whatwg-fetch/-/whatwg-fetch-3.2.0.tgz#8e134f701f0a4ab5fda82626f113e2b647fd16dc"
  integrity sha512-SdGPoQMMnzVYThUbSrEvqTlkvC1Ux27NehaJ/GUHBfNrh5Mjg+1/uRyFMwVnxO2MrikMWvWAqUGgQOfVU4hT7w==

window-or-global@^1.0.1:
  version "1.0.1"
  resolved "https://registry.yarnpkg.com/window-or-global/-/window-or-global-1.0.1.tgz#dbe45ba2a291aabc56d62cf66c45b7fa322946de"
  integrity sha1-2+RboqKRqrxW1iz2bEW3+jIpRt4=

xtend@^4.0.1:
  version "4.0.2"
  resolved "https://registry.yarnpkg.com/xtend/-/xtend-4.0.2.tgz#bb72779f5fa465186b1f438f674fa347fdb5db54"
  integrity sha512-LKYU1iAXJXUgAXn9URjiu+MWhyUXHsvfp7mcuYm9dSUKK0/CjtrUwFAxD82/mCWbtLsGjFIad0wIsod4zrTAEQ==
